
Microsoft Visual Studio Solution File, Format Version 12.00
# Visual Studio Version 17
VisualStudioVersion = 17.0.32126.317
MinimumVisualStudioVersion = 10.0.40219.1
Project("{8BC9CEB8-8B4A-11D0-8D11-00A0C91BC942}") = "курсач", "курсач\курсач.vcxproj", "{9264FCF1-015C-4C95-A033-4C9B1D5E9A4F}"
EndProject
Global
	GlobalSection(SolutionConfigurationPlatforms) = preSolution
		Debug|x64 = Debug|x64
		Debug|x86 = Debug|x86
		Release|x64 = Release|x64
		Release|x86 = Release|x86
	EndGlobalSection
	GlobalSection(ProjectConfigurationPlatforms) = postSolution
		{9264FCF1-015C-4C95-A033-4C9B1D5E9A4F}.Debug|x64.ActiveCfg = Debug|x64
		{9264FCF1-015C-4C95-A033-4C9B1D5E9A4F}.Debug|x64.Build.0 = Debug|x64
		{9264FCF1-015C-4C95-A033-4C9B1D5E9A4F}.Debug|x86.ActiveCfg = Debug|Win32
		{9264FCF1-015C-4C95-A033-4C9B1D5E9A4F}.Debug|x86.Build.0 = Debug|Win32
		{9264FCF1-015C-4C95-A033-4C9B1D5E9A4F}.Release|x64.ActiveCfg = Release|x64
		{9264FCF1-015C-4C95-A033-4C9B1D5E9A4F}.Release|x64.Build.0 = Release|x64
		{9264FCF1-015C-4C95-A033-4C9B1D5E9A4F}.Release|x86.ActiveCfg = Release|Win32
		{9264FCF1-015C-4C95-A033-4C9B1D5E9A4F}.Release|x86.Build.0 = Release|Win32
	EndGlobalSection
	GlobalSection(SolutionProperties) = preSolution
		HideSolutionNode = FALSE
	EndGlobalSection
	GlobalSection(ExtensibilityGlobals) = postSolution
		SolutionGuid = {859EA791-BA72-4D08-9FCA-27F063DADBB4}
	EndGlobalSection
EndGlobal
